
Microsoft Visual Studio Solution File, Format Version 12.00
# Visual Studio Version 16
VisualStudioVersion = 16.0.30621.155
MinimumVisualStudioVersion = 10.0.40219.1
Project("{FAE04EC0-301F-11D3-BF4B-00C04F79EFBC}") = "Log_Analysis", "Log_Analysis.csproj", "{A3DAB312-C4D6-4627-9AE8-4232A562F52B}"
EndProject
Global
	GlobalSection(SolutionConfigurationPlatforms) = preSolution
		Debug|Any CPU = Debug|Any CPU
		Release|Any CPU = Release|Any CPU
	EndGlobalSection
	GlobalSection(ProjectConfigurationPlatforms) = postSolution
		{A3DAB312-C4D6-4627-9AE8-4232A562F52B}.Debug|Any CPU.ActiveCfg = Debug|Any CPU
		{A3DAB312-C4D6-4627-9AE8-4232A562F52B}.Debug|Any CPU.Build.0 = Debug|Any CPU
		{A3DAB312-C4D6-4627-9AE8-4232A562F52B}.Release|Any CPU.ActiveCfg = Release|Any CPU
		{A3DAB312-C4D6-4627-9AE8-4232A562F52B}.Release|Any CPU.Build.0 = Release|Any CPU
	EndGlobalSection
	GlobalSection(SolutionProperties) = preSolution
		HideSolutionNode = FALSE
	EndGlobalSection
	GlobalSection(ExtensibilityGlobals) = postSolution
		SolutionGuid = {583B5CD8-B956-4E94-BE32-60FE47BB4F51}
	EndGlobalSection
EndGlobal
